// !$*UTF8*$!
{
	archiveVersion = 1;
	classes = {
	};
	objectVersion = 77;
	objects = {

/* Begin PBXBuildFile section */
		8A58D75F2F65C90E00CB8653 /* ZIPFoundation in Frameworks */ = {isa = PBXBuildFile; productRef = AA000050AAAA000100000001 /* ZIPFoundation */; };
		8A58D7602F65C90E00CB8653 /* Yams in Frameworks */ = {isa = PBXBuildFile; productRef = AA000052AAAA000100000001 /* Yams */; };
		8A58D7612F65C90E00CB8654 /* Virtualization.framework in Frameworks */ = {isa = PBXBuildFile; fileRef = 8A58D7622F65C90E00CB8654 /* Virtualization.framework */; };
		8A58D7632F65C90E00CB8653 /* Sparkle in Frameworks */ = {isa = PBXBuildFile; productRef = AA000054AAAA000100000001 /* Sparkle */; };
		8A58D7652F65C90E00CB8655 /* Argon2Swift in Frameworks */ = {isa = PBXBuildFile; productRef = AA000056AAAA000100000001 /* Argon2Swift */; };
		8A58D7702F65C90E00CB8653 /* ZIPFoundation in Frameworks */ = {isa = PBXBuildFile; productRef = AA000070AAAA000100000001 /* ZIPFoundation */; };
/* End PBXBuildFile section */

/* Begin PBXContainerItemProxy section */
		AA000012AAAA000100000001 /* PBXContainerItemProxy */ = {
			isa = PBXContainerItemProxy;
			containerPortal = AA000001AAAA000100000001 /* Project object */;
			proxyType = 1;
			remoteGlobalIDString = AA000003AAAA000100000001;
			remoteInfo = Vibe;
		};
/* End PBXContainerItemProxy section */

/* Begin PBXFileReference section */
		8A58D7622F65C90E00CB8654 /* Virtualization.framework */ = {isa = PBXFileReference; lastKnownFileType = wrapper.framework; name = Virtualization.framework; path = System/Library/Frameworks/Virtualization.framework; sourceTree = SDKROOT; };
		AA000004AAAA000100000001 /* Vibe.app */ = {isa = PBXFileReference; explicitFileType = wrapper.application; includeInIndex = 0; path = Vibe.app; sourceTree = BUILT_PRODUCTS_DIR; };
		AA000011AAAA000100000001 /* VibeTests.xctest */ = {isa = PBXFileReference; explicitFileType = wrapper.cfbundle; includeInIndex = 0; path = VibeTests.xctest; sourceTree = BUILT_PRODUCTS_DIR; };
/* End PBXFileReference section */

/* Begin PBXFileSystemSynchronizedBuildFileExceptionSet section */
		AA000020AAAA000100000001 /* Exceptions for "VibeHost" folder in "Vibe" target */ = {
			isa = PBXFileSystemSynchronizedBuildFileExceptionSet;
			membershipExceptions = (
				Info.plist,
			);
			target = AA000003AAAA000100000001 /* Vibe */;
		};
/* End PBXFileSystemSynchronizedBuildFileExceptionSet section */

/* Begin PBXFileSystemSynchronizedRootGroup section */
		AA000005AAAA000100000001 /* VibeHost */ = {
			isa = PBXFileSystemSynchronizedRootGroup;
			exceptions = (
				AA000020AAAA000100000001 /* Exceptions for "VibeHost" folder in "Vibe" target */,
			);
			path = VibeHost;
			sourceTree = "<group>";
		};
		AA000014AAAA000100000001 /* VibeHostTests */ = {
			isa = PBXFileSystemSynchronizedRootGroup;
			path = VibeHostTests;
			sourceTree = "<group>";
		};
/* End PBXFileSystemSynchronizedRootGroup section */

/* Begin PBXFrameworksBuildPhase section */
		AA000006AAAA000100000001 /* Frameworks */ = {
			isa = PBXFrameworksBuildPhase;
			buildActionMask = 2147483647;
			files = (
				8A58D7602F65C90E00CB8653 /* Yams in Frameworks */,
				8A58D75F2F65C90E00CB8653 /* ZIPFoundation in Frameworks */,
				8A58D7612F65C90E00CB8654 /* Virtualization.framework in Frameworks */,
				8A58D7632F65C90E00CB8653 /* Sparkle in Frameworks */,
				8A58D7652F65C90E00CB8655 /* Argon2Swift in Frameworks */,
			);
			runOnlyForDeploymentPostprocessing = 0;
		};
		AA000015AAAA000100000001 /* Frameworks */ = {
			isa = PBXFrameworksBuildPhase;
			buildActionMask = 2147483647;
			files = (
				8A58D7702F65C90E00CB8653 /* ZIPFoundation in Frameworks */,
			);
			runOnlyForDeploymentPostprocessing = 0;
		};
/* End PBXFrameworksBuildPhase section */

/* Begin PBXGroup section */
		8A58D8112F674C0000CB8653 /* Recovered References */ = {
			isa = PBXGroup;
			children = (
				8A58D7622F65C90E00CB8654 /* Virtualization.framework */,
			);
			name = "Recovered References";
			sourceTree = "<group>";
		};
		AA000002AAAA000100000001 = {
			isa = PBXGroup;
			children = (
				AA000005AAAA000100000001 /* VibeHost */,
				AA000014AAAA000100000001 /* VibeHostTests */,
				AA000007AAAA000100000001 /* Products */,
				8A58D8112F674C0000CB8653 /* Recovered References */,
			);
			sourceTree = "<group>";
		};
		AA000007AAAA000100000001 /* Products */ = {
			isa = PBXGroup;
			children = (
				AA000004AAAA000100000001 /* Vibe.app */,
				AA000011AAAA000100000001 /* VibeTests.xctest */,
			);
			name = Products;
			sourceTree = "<group>";
		};
/* End PBXGroup section */

/* Begin PBXNativeTarget section */
		AA000003AAAA000100000001 /* Vibe */ = {
			isa = PBXNativeTarget;
			buildConfigurationList = AA000030AAAA000100000001 /* Build configuration list for PBXNativeTarget "Vibe" */;
			buildPhases = (
				AA000008AAAA000100000001 /* Sources */,
				AA000006AAAA000100000001 /* Frameworks */,
				AA000009AAAA000100000001 /* Resources */,
			);
			buildRules = (
			);
			dependencies = (
			);
			fileSystemSynchronizedGroups = (
				AA000005AAAA000100000001 /* VibeHost */,
			);
			name = Vibe;
			packageProductDependencies = (
				AA000050AAAA000100000001 /* ZIPFoundation */,
				AA000052AAAA000100000001 /* Yams */,
				AA000054AAAA000100000001 /* Sparkle */,
				AA000056AAAA000100000001 /* Argon2Swift */,
			);
			productName = Vibe;
			productReference = AA000004AAAA000100000001 /* Vibe.app */;
			productType = "com.apple.product-type.application";
		};
		AA000010AAAA000100000001 /* VibeTests */ = {
			isa = PBXNativeTarget;
			buildConfigurationList = AA000033AAAA000100000001 /* Build configuration list for PBXNativeTarget "VibeTests" */;
			buildPhases = (
				AA000016AAAA000100000001 /* Sources */,
				AA000015AAAA000100000001 /* Frameworks */,
				AA000017AAAA000100000001 /* Resources */,
			);
			buildRules = (
			);
			dependencies = (
				AA000013AAAA000100000001 /* PBXTargetDependency */,
			);
			fileSystemSynchronizedGroups = (
				AA000014AAAA000100000001 /* VibeHostTests */,
			);
			name = VibeTests;
			packageProductDependencies = (
				AA000070AAAA000100000001 /* ZIPFoundation */,
			);
			productName = VibeTests;
			productReference = AA000011AAAA000100000001 /* VibeTests.xctest */;
			productType = "com.apple.product-type.bundle.unit-test";
		};
/* End PBXNativeTarget section */

/* Begin PBXProject section */
		AA000001AAAA000100000001 /* Project object */ = {
			isa = PBXProject;
			attributes = {
				BuildIndependentTargetsInParallel = 1;
				LastSwiftUpdateCheck = 2630;
				LastUpgradeCheck = 2640;
				TargetAttributes = {
					AA000003AAAA000100000001 = {
						CreatedOnToolsVersion = 26.3;
					};
					AA000010AAAA000100000001 = {
						CreatedOnToolsVersion = 26.3;
						TestTargetID = AA000003AAAA000100000001;
					};
				};
			};
			buildConfigurationList = AA000040AAAA000100000001 /* Build configuration list for PBXProject "VibeHost" */;
			developmentRegion = en;
			hasScannedForEncodings = 0;
			knownRegions = (
				en,
				Base,
			);
			mainGroup = AA000002AAAA000100000001;
			minimizedProjectReferenceProxies = 1;
			packageReferences = (
				AA000060AAAA000100000001 /* XCRemoteSwiftPackageReference "ZIPFoundation" */,
				AA000062AAAA000100000001 /* XCRemoteSwiftPackageReference "Yams" */,
				AA000064AAAA000100000001 /* XCRemoteSwiftPackageReference "Sparkle" */,
				AA000066AAAA000100000001 /* XCRemoteSwiftPackageReference "Argon2Swift" */,
			);
			preferredProjectObjectVersion = 77;
			productRefGroup = AA000007AAAA000100000001 /* Products */;
			projectDirPath = "";
			projectRoot = "";
			targets = (
				AA000003AAAA000100000001 /* Vibe */,
				AA000010AAAA000100000001 /* VibeTests */,
			);
		};
/* End PBXProject section */

/* Begin PBXResourcesBuildPhase section */
		AA000009AAAA000100000001 /* Resources */ = {
			isa = PBXResourcesBuildPhase;
			buildActionMask = 2147483647;
			files = (
			);
			runOnlyForDeploymentPostprocessing = 0;
		};
		AA000017AAAA000100000001 /* Resources */ = {
			isa = PBXResourcesBuildPhase;
			buildActionMask = 2147483647;
			files = (
			);
			runOnlyForDeploymentPostprocessing = 0;
		};
/* End PBXResourcesBuildPhase section */

/* Begin PBXSourcesBuildPhase section */
		AA000008AAAA000100000001 /* Sources */ = {
			isa = PBXSourcesBuildPhase;
			buildActionMask = 2147483647;
			files = (
			);
			runOnlyForDeploymentPostprocessing = 0;
		};
		AA000016AAAA000100000001 /* Sources */ = {
			isa = PBXSourcesBuildPhase;
			buildActionMask = 2147483647;
			files = (
			);
			runOnlyForDeploymentPostprocessing = 0;
		};
/* End PBXSourcesBuildPhase section */

/* Begin PBXTargetDependency section */
		AA000013AAAA000100000001 /* PBXTargetDependency */ = {
			isa = PBXTargetDependency;
			target = AA000003AAAA000100000001 /* Vibe */;
			targetProxy = AA000012AAAA000100000001 /* PBXContainerItemProxy */;
		};
/* End PBXTargetDependency section */

/* Begin XCBuildConfiguration section */
		AA000031AAAA000100000001 /* Debug */ = {
			isa = XCBuildConfiguration;
			buildSettings = {
				ASSETCATALOG_COMPILER_APPICON_NAME = Vibe;
				ASSETCATALOG_COMPILER_GLOBAL_ACCENT_COLOR_NAME = AccentColor;
				ASSETCATALOG_COMPILER_INCLUDE_ALL_APPICON_ASSETS = NO;
				CODE_SIGN_ENTITLEMENTS = VibeHost/VibeHost.entitlements;
				"CODE_SIGN_IDENTITY[sdk=macosx*]" = "Apple Development";
				CODE_SIGN_STYLE = Automatic;
				CURRENT_PROJECT_VERSION = 1;
				DEAD_CODE_STRIPPING = YES;
				DEVELOPMENT_TEAM = 2DYWG55784;
				ENABLE_APP_SANDBOX = YES;
				ENABLE_HARDENED_RUNTIME = YES;
				ENABLE_PREVIEWS = YES;
				ENABLE_USER_SELECTED_FILES = readwrite;
				GENERATE_INFOPLIST_FILE = YES;
				INFOPLIST_FILE = VibeHost/Info.plist;
				INFOPLIST_KEY_CFBundleDisplayName = Vibe;
				INFOPLIST_KEY_LSApplicationCategoryType = "public.app-category.productivity";
				LD_RUNPATH_SEARCH_PATHS = "@executable_path/../Frameworks";
				MACOSX_DEPLOYMENT_TARGET = 14.0;
				MARKETING_VERSION = 0.1.11;
				PRODUCT_BUNDLE_IDENTIFIER = app.dotvibe.Vibe;
				PRODUCT_MODULE_NAME = VibeHost;
				PRODUCT_NAME = "$(TARGET_NAME)";
				SDKROOT = macosx;
				SUPPORTED_PLATFORMS = macosx;
				SWIFT_EMIT_LOC_STRINGS = YES;
				SWIFT_VERSION = 5.0;
			};
			name = Debug;
		};
		AA000032AAAA000100000001 /* Release */ = {
			isa = XCBuildConfiguration;
			buildSettings = {
				ASSETCATALOG_COMPILER_APPICON_NAME = Vibe;
				ASSETCATALOG_COMPILER_GLOBAL_ACCENT_COLOR_NAME = AccentColor;
				ASSETCATALOG_COMPILER_INCLUDE_ALL_APPICON_ASSETS = NO;
				CODE_SIGN_ENTITLEMENTS = VibeHost/VibeHost.entitlements;
				CODE_SIGN_IDENTITY = "Apple Development";
				"CODE_SIGN_IDENTITY[sdk=macosx*]" = "Apple Development";
				CODE_SIGN_STYLE = Automatic;
				CURRENT_PROJECT_VERSION = 1;
				DEAD_CODE_STRIPPING = YES;
				DEVELOPMENT_TEAM = 2DYWG55784;
				ENABLE_APP_SANDBOX = YES;
				ENABLE_HARDENED_RUNTIME = YES;
				ENABLE_PREVIEWS = YES;
				ENABLE_USER_SELECTED_FILES = readwrite;
				GENERATE_INFOPLIST_FILE = YES;
				INFOPLIST_FILE = VibeHost/Info.plist;
				INFOPLIST_KEY_CFBundleDisplayName = Vibe;
				INFOPLIST_KEY_LSApplicationCategoryType = "public.app-category.productivity";
				LD_RUNPATH_SEARCH_PATHS = "@executable_path/../Frameworks";
				MACOSX_DEPLOYMENT_TARGET = 14.0;
				MARKETING_VERSION = 0.1.11;
				PRODUCT_BUNDLE_IDENTIFIER = app.dotvibe.Vibe;
				PRODUCT_MODULE_NAME = VibeHost;
				PRODUCT_NAME = "$(TARGET_NAME)";
				PROVISIONING_PROFILE_SPECIFIER = "";
				SDKROOT = macosx;
				SUPPORTED_PLATFORMS = macosx;
				SWIFT_EMIT_LOC_STRINGS = YES;
				SWIFT_VERSION = 5.0;
			};
			name = Release;
		};
		AA000034AAAA000100000001 /* Debug */ = {
			isa = XCBuildConfiguration;
			buildSettings = {
				BUNDLE_LOADER = "$(TEST_HOST)";
				CODE_SIGN_STYLE = Automatic;
				CURRENT_PROJECT_VERSION = 1;
				DEAD_CODE_STRIPPING = YES;
				DEVELOPMENT_TEAM = 2DYWG55784;
				GENERATE_INFOPLIST_FILE = YES;
				MACOSX_DEPLOYMENT_TARGET = 14.0;
				MARKETING_VERSION = 0.1.11;
				PRODUCT_BUNDLE_IDENTIFIER = app.dotvibe.VibeTests;
				PRODUCT_NAME = "$(TARGET_NAME)";
				SDKROOT = macosx;
				SUPPORTED_PLATFORMS = macosx;
				SWIFT_EMIT_LOC_STRINGS = NO;
				SWIFT_VERSION = 5.0;
				TEST_HOST = "$(BUILT_PRODUCTS_DIR)/Vibe.app/$(BUNDLE_EXECUTABLE_FOLDER_PATH)/Vibe";
			};
			name = Debug;
		};
		AA000035AAAA000100000001 /* Release */ = {
			isa = XCBuildConfiguration;
			buildSettings = {
				BUNDLE_LOADER = "$(TEST_HOST)";
				CODE_SIGN_STYLE = Automatic;
				CURRENT_PROJECT_VERSION = 1;
				DEAD_CODE_STRIPPING = YES;
				DEVELOPMENT_TEAM = 2DYWG55784;
				GENERATE_INFOPLIST_FILE = YES;
				MACOSX_DEPLOYMENT_TARGET = 14.0;
				MARKETING_VERSION = 0.1.11;
				PRODUCT_BUNDLE_IDENTIFIER = app.dotvibe.VibeTests;
				PRODUCT_NAME = "$(TARGET_NAME)";
				SDKROOT = macosx;
				SUPPORTED_PLATFORMS = macosx;
				SWIFT_EMIT_LOC_STRINGS = NO;
				SWIFT_VERSION = 5.0;
				TEST_HOST = "$(BUILT_PRODUCTS_DIR)/Vibe.app/$(BUNDLE_EXECUTABLE_FOLDER_PATH)/Vibe";
			};
			name = Release;
		};
		AA000041AAAA000100000001 /* Debug */ = {
			isa = XCBuildConfiguration;
			buildSettings = {
				ALWAYS_SEARCH_USER_PATHS = NO;
				ASSETCATALOG_COMPILER_GENERATE_SWIFT_ASSET_SYMBOL_EXTENSIONS = YES;
				CLANG_ANALYZER_NONNULL = YES;
				CLANG_ANALYZER_NUMBER_OBJECT_CONVERSION = YES_AGGRESSIVE;
				CLANG_CXX_LANGUAGE_STANDARD = "gnu++20";
				CLANG_ENABLE_MODULES = YES;
				CLANG_ENABLE_OBJC_ARC = YES;
				CLANG_ENABLE_OBJC_WEAK = YES;
				CLANG_WARN_BLOCK_CAPTURE_AUTORELEASING = YES;
				CLANG_WARN_BOOL_CONVERSION = YES;
				CLANG_WARN_COMMA = YES;
				CLANG_WARN_CONSTANT_CONVERSION = YES;
				CLANG_WARN_DEPRECATED_OBJC_IMPLEMENTATIONS = YES;
				CLANG_WARN_DIRECT_OBJC_ISA_USAGE = YES_ERROR;
				CLANG_WARN_DOCUMENTATION_COMMENTS = YES;
				CLANG_WARN_EMPTY_BODY = YES;
				CLANG_WARN_ENUM_CONVERSION = YES;
				CLANG_WARN_INFINITE_RECURSION = YES;
				CLANG_WARN_INT_CONVERSION = YES;
				CLANG_WARN_NON_LITERAL_NULL_CONVERSION = YES;
				CLANG_WARN_OBJC_IMPLICIT_RETAIN_SELF = YES;
				CLANG_WARN_OBJC_LITERAL_CONVERSION = YES;
				CLANG_WARN_OBJC_ROOT_CLASS = YES_ERROR;
				CLANG_WARN_QUOTED_INCLUDE_IN_FRAMEWORK_HEADER = YES;
				CLANG_WARN_RANGE_LOOP_ANALYSIS = YES;
				CLANG_WARN_STRICT_PROTOTYPES = YES;
				CLANG_WARN_SUSPICIOUS_MOVE = YES;
				CLANG_WARN_UNGUARDED_AVAILABILITY = YES_AGGRESSIVE;
				CLANG_WARN_UNREACHABLE_CODE = YES;
				CLANG_WARN__DUPLICATE_METHOD_MATCH = YES;
				COPY_PHASE_STRIP = NO;
				DEAD_CODE_STRIPPING = YES;
				DEBUG_INFORMATION_FORMAT = dwarf;
				DEVELOPMENT_TEAM = 2DYWG55784;
				ENABLE_STRICT_OBJC_MSGSEND = YES;
				ENABLE_TESTABILITY = YES;
				ENABLE_USER_SCRIPT_SANDBOXING = YES;
				GCC_C_LANGUAGE_STANDARD = gnu17;
				GCC_DYNAMIC_NO_PIC = NO;
				GCC_NO_COMMON_BLOCKS = YES;
				GCC_OPTIMIZATION_LEVEL = 0;
				GCC_PREPROCESSOR_DEFINITIONS = (
					"DEBUG=1",
					"$(inherited)",
				);
				GCC_WARN_64_TO_32_BIT_CONVERSION = YES;
				GCC_WARN_ABOUT_RETURN_TYPE = YES_ERROR;
				GCC_WARN_UNDECLARED_SELECTOR = YES;
				GCC_WARN_UNINITIALIZED_AUTOS = YES_AGGRESSIVE;
				GCC_WARN_UNUSED_FUNCTION = YES;
				GCC_WARN_UNUSED_VARIABLE = YES;
				LOCALIZATION_PREFERS_STRING_CATALOGS = YES;
				MTL_ENABLE_DEBUG_INFO = INCLUDE_SOURCE;
				MTL_FAST_MATH = YES;
				ONLY_ACTIVE_ARCH = YES;
				STRING_CATALOG_GENERATE_SYMBOLS = YES;
				SWIFT_ACTIVE_COMPILATION_CONDITIONS = "DEBUG $(inherited)";
				SWIFT_OPTIMIZATION_LEVEL = "-Onone";
			};
			name = Debug;
		};
		AA000042AAAA000100000001 /* Release */ = {
			isa = XCBuildConfiguration;
			buildSettings = {
				ALWAYS_SEARCH_USER_PATHS = NO;
				ASSETCATALOG_COMPILER_GENERATE_SWIFT_ASSET_SYMBOL_EXTENSIONS = YES;
				CLANG_ANALYZER_NONNULL = YES;
				CLANG_ANALYZER_NUMBER_OBJECT_CONVERSION = YES_AGGRESSIVE;
				CLANG_CXX_LANGUAGE_STANDARD = "gnu++20";
				CLANG_ENABLE_MODULES = YES;
				CLANG_ENABLE_OBJC_ARC = YES;
				CLANG_ENABLE_OBJC_WEAK = YES;
				CLANG_WARN_BLOCK_CAPTURE_AUTORELEASING = YES;
				CLANG_WARN_BOOL_CONVERSION = YES;
				CLANG_WARN_COMMA = YES;
				CLANG_WARN_CONSTANT_CONVERSION = YES;
				CLANG_WARN_DEPRECATED_OBJC_IMPLEMENTATIONS = YES;
				CLANG_WARN_DIRECT_OBJC_ISA_USAGE = YES_ERROR;
				CLANG_WARN_DOCUMENTATION_COMMENTS = YES;
				CLANG_WARN_EMPTY_BODY = YES;
				CLANG_WARN_ENUM_CONVERSION = YES;
				CLANG_WARN_INFINITE_RECURSION = YES;
				CLANG_WARN_INT_CONVERSION = YES;
				CLANG_WARN_NON_LITERAL_NULL_CONVERSION = YES;
				CLANG_WARN_OBJC_IMPLICIT_RETAIN_SELF = YES;
				CLANG_WARN_OBJC_LITERAL_CONVERSION = YES;
				CLANG_WARN_OBJC_ROOT_CLASS = YES_ERROR;
				CLANG_WARN_QUOTED_INCLUDE_IN_FRAMEWORK_HEADER = YES;
				CLANG_WARN_RANGE_LOOP_ANALYSIS = YES;
				CLANG_WARN_STRICT_PROTOTYPES = YES;
				CLANG_WARN_SUSPICIOUS_MOVE = YES;
				CLANG_WARN_UNGUARDED_AVAILABILITY = YES_AGGRESSIVE;
				CLANG_WARN_UNREACHABLE_CODE = YES;
				CLANG_WARN__DUPLICATE_METHOD_MATCH = YES;
				COPY_PHASE_STRIP = NO;
				DEAD_CODE_STRIPPING = YES;
				DEBUG_INFORMATION_FORMAT = "dwarf-with-dsym";
				DEVELOPMENT_TEAM = 2DYWG55784;
				ENABLE_NS_ASSERTIONS = NO;
				ENABLE_STRICT_OBJC_MSGSEND = YES;
				ENABLE_USER_SCRIPT_SANDBOXING = YES;
				GCC_C_LANGUAGE_STANDARD = gnu17;
				GCC_NO_COMMON_BLOCKS = YES;
				GCC_WARN_64_TO_32_BIT_CONVERSION = YES;
				GCC_WARN_ABOUT_RETURN_TYPE = YES_ERROR;
				GCC_WARN_UNDECLARED_SELECTOR = YES;
				GCC_WARN_UNINITIALIZED_AUTOS = YES_AGGRESSIVE;
				GCC_WARN_UNUSED_FUNCTION = YES;
				GCC_WARN_UNUSED_VARIABLE = YES;
				LOCALIZATION_PREFERS_STRING_CATALOGS = YES;
				MTL_ENABLE_DEBUG_INFO = NO;
				MTL_FAST_MATH = YES;
				STRING_CATALOG_GENERATE_SYMBOLS = YES;
				SWIFT_COMPILATION_MODE = wholemodule;
			};
			name = Release;
		};
/* End XCBuildConfiguration section */

/* Begin XCConfigurationList section */
		AA000030AAAA000100000001 /* Build configuration list for PBXNativeTarget "Vibe" */ = {
			isa = XCConfigurationList;
			buildConfigurations = (
				AA000031AAAA000100000001 /* Debug */,
				AA000032AAAA000100000001 /* Release */,
			);
			defaultConfigurationIsVisible = 0;
			defaultConfigurationName = Release;
		};
		AA000033AAAA000100000001 /* Build configuration list for PBXNativeTarget "VibeTests" */ = {
			isa = XCConfigurationList;
			buildConfigurations = (
				AA000034AAAA000100000001 /* Debug */,
				AA000035AAAA000100000001 /* Release */,
			);
			defaultConfigurationIsVisible = 0;
			defaultConfigurationName = Release;
		};
		AA000040AAAA000100000001 /* Build configuration list for PBXProject "VibeHost" */ = {
			isa = XCConfigurationList;
			buildConfigurations = (
				AA000041AAAA000100000001 /* Debug */,
				AA000042AAAA000100000001 /* Release */,
			);
			defaultConfigurationIsVisible = 0;
			defaultConfigurationName = Release;
		};
/* End XCConfigurationList section */

/* Begin XCRemoteSwiftPackageReference section */
		AA000060AAAA000100000001 /* XCRemoteSwiftPackageReference "ZIPFoundation" */ = {
			isa = XCRemoteSwiftPackageReference;
			repositoryURL = "https://github.com/weichsel/ZIPFoundation.git";
			requirement = {
				kind = upToNextMajorVersion;
				minimumVersion = 0.9.0;
			};
		};
		AA000062AAAA000100000001 /* XCRemoteSwiftPackageReference "Yams" */ = {
			isa = XCRemoteSwiftPackageReference;
			repositoryURL = "https://github.com/jpsim/Yams.git";
			requirement = {
				kind = upToNextMajorVersion;
				minimumVersion = 5.0.0;
			};
		};
		AA000064AAAA000100000001 /* XCRemoteSwiftPackageReference "Sparkle" */ = {
			isa = XCRemoteSwiftPackageReference;
			repositoryURL = "https://github.com/sparkle-project/Sparkle";
			requirement = {
				kind = upToNextMajorVersion;
				minimumVersion = 2.6.0;
			};
		};
		AA000066AAAA000100000001 /* XCRemoteSwiftPackageReference "Argon2Swift" */ = {
			isa = XCRemoteSwiftPackageReference;
			repositoryURL = "https://github.com/tmthecoder/Argon2Swift.git";
			requirement = {
				branch = main;
				kind = branch;
			};
		};
/* End XCRemoteSwiftPackageReference section */

/* Begin XCSwiftPackageProductDependency section */
		AA000050AAAA000100000001 /* ZIPFoundation */ = {
			isa = XCSwiftPackageProductDependency;
			package = AA000060AAAA000100000001 /* XCRemoteSwiftPackageReference "ZIPFoundation" */;
			productName = ZIPFoundation;
		};
		AA000052AAAA000100000001 /* Yams */ = {
			isa = XCSwiftPackageProductDependency;
			package = AA000062AAAA000100000001 /* XCRemoteSwiftPackageReference "Yams" */;
			productName = Yams;
		};
		AA000054AAAA000100000001 /* Sparkle */ = {
			isa = XCSwiftPackageProductDependency;
			package = AA000064AAAA000100000001 /* XCRemoteSwiftPackageReference "Sparkle" */;
			productName = Sparkle;
		};
		AA000056AAAA000100000001 /* Argon2Swift */ = {
			isa = XCSwiftPackageProductDependency;
			package = AA000066AAAA000100000001 /* XCRemoteSwiftPackageReference "Argon2Swift" */;
			productName = Argon2Swift;
		};
		AA000070AAAA000100000001 /* ZIPFoundation */ = {
			isa = XCSwiftPackageProductDependency;
			package = AA000060AAAA000100000001 /* XCRemoteSwiftPackageReference "ZIPFoundation" */;
			productName = ZIPFoundation;
		};
/* End XCSwiftPackageProductDependency section */
	};
	rootObject = AA000001AAAA000100000001 /* Project object */;
}
